{
  "nodes": {
    "nixpkgs": {
      "locked": {
        "lastModified": 1669196922,
        "narHash": "sha256-J1fjyUsst3mXxgz2Z1cD7boh1Q5GmfeZjNfW1WVMsr8=",
        "owner": "NixOS",
        "repo": "nixpkgs",
        "rev": "e8016a90db25c48cfe2cb8ab48bbc94a4365dab9",
        "type": "github"
      },
      "original": {
        "id": "nixpkgs",
        "ref": "nixos-22.11",
        "type": "indirect"
      }
    },
    "root": {
      "inputs": {
        "nixpkgs": "nixpkgs"
      }
    }
  },
  "root": "root",
  "version": 7
}
